
Microsoft Visual Studio Solution File, Format Version 12.00
# Visual Studio Version 17
VisualStudioVersion = 17.11.35312.102
MinimumVisualStudioVersion = 10.0.40219.1
Project("{9A19103F-16F7-4668-BE54-9A1E7A4F7556}") = "AcgnuX", "AcgnuX.csproj", "{E517D9EA-BC03-4E86-8594-2FCE06D4F5A9}"
EndProject
Project("{9A19103F-16F7-4668-BE54-9A1E7A4F7556}") = "AlidnsLib", "..\AlidnsLib\AlidnsLib.csproj", "{1B8F6426-6995-4CD8-BFC0-8111CD9E6BBB}"
EndProject
Project("{9A19103F-16F7-4668-BE54-9A1E7A4F7556}") = "SharedLib", "..\SharedLib\SharedLib.csproj", "{20B56D0C-2D8A-4610-888E-FD3B6DF04E40}"
EndProject
Project("{FAE04EC0-301F-11D3-BF4B-00C04F79EFBC}") = "PatchTool", "..\PatchTool\PatchTool.csproj", "{E05B5431-F48C-4566-B1B6-D55BF298E51E}"
EndProject
Project("{FAE04EC0-301F-11D3-BF4B-00C04F79EFBC}") = "FlashControlLibrary", "..\FlashControlLibrary\FlashControlLibrary.csproj", "{4CFB0D7F-35D4-460C-916F-63D331C171DF}"
EndProject
Global
	GlobalSection(SolutionConfigurationPlatforms) = preSolution
		Debug|Any CPU = Debug|Any CPU
		Release|Any CPU = Release|Any CPU
	EndGlobalSection
	GlobalSection(ProjectConfigurationPlatforms) = postSolution
		{E517D9EA-BC03-4E86-8594-2FCE06D4F5A9}.Debug|Any CPU.ActiveCfg = Debug|Any CPU
		{E517D9EA-BC03-4E86-8594-2FCE06D4F5A9}.Debug|Any CPU.Build.0 = Debug|Any CPU
		{E517D9EA-BC03-4E86-8594-2FCE06D4F5A9}.Release|Any CPU.ActiveCfg = Release|Any CPU
		{E517D9EA-BC03-4E86-8594-2FCE06D4F5A9}.Release|Any CPU.Build.0 = Release|Any CPU
		{1B8F6426-6995-4CD8-BFC0-8111CD9E6BBB}.Debug|Any CPU.ActiveCfg = Debug|Any CPU
		{1B8F6426-6995-4CD8-BFC0-8111CD9E6BBB}.Debug|Any CPU.Build.0 = Debug|Any CPU
		{1B8F6426-6995-4CD8-BFC0-8111CD9E6BBB}.Release|Any CPU.ActiveCfg = Release|Any CPU
		{1B8F6426-6995-4CD8-BFC0-8111CD9E6BBB}.Release|Any CPU.Build.0 = Release|Any CPU
		{20B56D0C-2D8A-4610-888E-FD3B6DF04E40}.Debug|Any CPU.ActiveCfg = Debug|Any CPU
		{20B56D0C-2D8A-4610-888E-FD3B6DF04E40}.Debug|Any CPU.Build.0 = Debug|Any CPU
		{20B56D0C-2D8A-4610-888E-FD3B6DF04E40}.Release|Any CPU.ActiveCfg = Release|Any CPU
		{20B56D0C-2D8A-4610-888E-FD3B6DF04E40}.Release|Any CPU.Build.0 = Release|Any CPU
		{E05B5431-F48C-4566-B1B6-D55BF298E51E}.Debug|Any CPU.ActiveCfg = Debug|Any CPU
		{E05B5431-F48C-4566-B1B6-D55BF298E51E}.Debug|Any CPU.Build.0 = Debug|Any CPU
		{E05B5431-F48C-4566-B1B6-D55BF298E51E}.Release|Any CPU.ActiveCfg = Release|Any CPU
		{E05B5431-F48C-4566-B1B6-D55BF298E51E}.Release|Any CPU.Build.0 = Release|Any CPU
		{4CFB0D7F-35D4-460C-916F-63D331C171DF}.Debug|Any CPU.ActiveCfg = Debug|Any CPU
		{4CFB0D7F-35D4-460C-916F-63D331C171DF}.Debug|Any CPU.Build.0 = Debug|Any CPU
		{4CFB0D7F-35D4-460C-916F-63D331C171DF}.Release|Any CPU.ActiveCfg = Release|Any CPU
		{4CFB0D7F-35D4-460C-916F-63D331C171DF}.Release|Any CPU.Build.0 = Release|Any CPU
	EndGlobalSection
	GlobalSection(SolutionProperties) = preSolution
		HideSolutionNode = FALSE
	EndGlobalSection
	GlobalSection(ExtensibilityGlobals) = postSolution
		SolutionGuid = {80365FC7-6219-49A0-B1CE-93A4CCB0FB13}
	EndGlobalSection
EndGlobal
